
Microsoft Visual Studio Solution File, Format Version 12.00
# Visual Studio 15
Project("{FAE04EC0-301F-11D3-BF4B-00C04F79EFBC}") = "SolrDemo", "SolrDemo\SolrDemo.csproj", "{FAFE68C1-B779-461A-B18A-0385B7E05DDB}"
EndProject
Global
	GlobalSection(SolutionConfigurationPlatforms) = preSolution
		Debug|Any CPU = Debug|Any CPU
		Release|Any CPU = Release|Any CPU
	EndGlobalSection
	GlobalSection(ProjectConfigurationPlatforms) = postSolution
		{FAFE68C1-B779-461A-B18A-0385B7E05DDB}.Debug|Any CPU.ActiveCfg = Debug|Any CPU
		{FAFE68C1-B779-461A-B18A-0385B7E05DDB}.Debug|Any CPU.Build.0 = Debug|Any CPU
		{FAFE68C1-B779-461A-B18A-0385B7E05DDB}.Release|Any CPU.ActiveCfg = Release|Any CPU
		{FAFE68C1-B779-461A-B18A-0385B7E05DDB}.Release|Any CPU.Build.0 = Release|Any CPU
	EndGlobalSection
EndGlobal
